
Microsoft Visual Studio Solution File, Format Version 12.00
# Visual Studio Version 16
VisualStudioVersion = 16.0.33423.256
MinimumVisualStudioVersion = 10.0.40219.1
Project("{FAE04EC0-301F-11D3-BF4B-00C04F79EFBC}") = "Abramyan", "Abramyan.csproj", "{927E93AB-4A54-466E-AE61-20E5FBC647DE}"
EndProject
Global
	GlobalSection(SolutionConfigurationPlatforms) = preSolution
		Debug|Any CPU = Debug|Any CPU
		Release|Any CPU = Release|Any CPU
	EndGlobalSection
	GlobalSection(ProjectConfigurationPlatforms) = postSolution
		{927E93AB-4A54-466E-AE61-20E5FBC647DE}.Debug|Any CPU.ActiveCfg = Debug|Any CPU
		{927E93AB-4A54-466E-AE61-20E5FBC647DE}.Debug|Any CPU.Build.0 = Debug|Any CPU
		{927E93AB-4A54-466E-AE61-20E5FBC647DE}.Release|Any CPU.ActiveCfg = Release|Any CPU
		{927E93AB-4A54-466E-AE61-20E5FBC647DE}.Release|Any CPU.Build.0 = Release|Any CPU
	EndGlobalSection
	GlobalSection(SolutionProperties) = preSolution
		HideSolutionNode = FALSE
	EndGlobalSection
	GlobalSection(ExtensibilityGlobals) = postSolution
		SolutionGuid = {7BEE371C-EF92-44E1-90C1-84A43A613E39}
	EndGlobalSection
EndGlobal
